
Microsoft Visual Studio Solution File, Format Version 12.00
# Visual Studio Version 17
VisualStudioVersion = 17.0.32126.317
MinimumVisualStudioVersion = 10.0.40219.1
Project("{9A19103F-16F7-4668-BE54-9A1E7A4F7556}") = "LinkedList", "LinkedList\LinkedList.csproj", "{6BB9D55C-3B6B-4BCA-926F-8B95F7F02D86}"
EndProject
Project("{FAE04EC0-301F-11D3-BF4B-00C04F79EFBC}") = "DynamicProgramming", "DynamicProgramming\DynamicProgramming.csproj", "{259AB139-4117-4C06-8F04-87D195CBAACD}"
EndProject
Project("{FAE04EC0-301F-11D3-BF4B-00C04F79EFBC}") = "StartUpProject", "StartUpProject\StartUpProject.csproj", "{968E7265-CB00-48FA-A6F1-2397BF07E6BD}"
EndProject
Global
	GlobalSection(SolutionConfigurationPlatforms) = preSolution
		Debug|Any CPU = Debug|Any CPU
		Release|Any CPU = Release|Any CPU
	EndGlobalSection
	GlobalSection(ProjectConfigurationPlatforms) = postSolution
		{6BB9D55C-3B6B-4BCA-926F-8B95F7F02D86}.Debug|Any CPU.ActiveCfg = Debug|Any CPU
		{6BB9D55C-3B6B-4BCA-926F-8B95F7F02D86}.Debug|Any CPU.Build.0 = Debug|Any CPU
		{6BB9D55C-3B6B-4BCA-926F-8B95F7F02D86}.Release|Any CPU.ActiveCfg = Release|Any CPU
		{6BB9D55C-3B6B-4BCA-926F-8B95F7F02D86}.Release|Any CPU.Build.0 = Release|Any CPU
		{259AB139-4117-4C06-8F04-87D195CBAACD}.Debug|Any CPU.ActiveCfg = Debug|Any CPU
		{259AB139-4117-4C06-8F04-87D195CBAACD}.Debug|Any CPU.Build.0 = Debug|Any CPU
		{259AB139-4117-4C06-8F04-87D195CBAACD}.Release|Any CPU.ActiveCfg = Release|Any CPU
		{259AB139-4117-4C06-8F04-87D195CBAACD}.Release|Any CPU.Build.0 = Release|Any CPU
		{968E7265-CB00-48FA-A6F1-2397BF07E6BD}.Debug|Any CPU.ActiveCfg = Debug|Any CPU
		{968E7265-CB00-48FA-A6F1-2397BF07E6BD}.Debug|Any CPU.Build.0 = Debug|Any CPU
		{968E7265-CB00-48FA-A6F1-2397BF07E6BD}.Release|Any CPU.ActiveCfg = Release|Any CPU
		{968E7265-CB00-48FA-A6F1-2397BF07E6BD}.Release|Any CPU.Build.0 = Release|Any CPU
	EndGlobalSection
	GlobalSection(SolutionProperties) = preSolution
		HideSolutionNode = FALSE
	EndGlobalSection
	GlobalSection(ExtensibilityGlobals) = postSolution
		SolutionGuid = {A0092EDD-034E-484E-8E8B-8EFB54400C32}
	EndGlobalSection
EndGlobal
